// !$*UTF8*$!
{
	archiveVersion = 1;
	classes = {
	};
	objectVersion = 50;
	objects = {

/* Begin PBXBuildFile section */
		5B582EE3245D5D9600C8B875 /* AppDelegate.swift in Sources */ = {isa = PBXBuildFile; fileRef = 5B582EE2245D5D9600C8B875 /* AppDelegate.swift */; };
		5B582EE5245D5D9600C8B875 /* SceneDelegate.swift in Sources */ = {isa = PBXBuildFile; fileRef = 5B582EE4245D5D9600C8B875 /* SceneDelegate.swift */; };
		5B582EE7245D5D9600C8B875 /* ViewController.swift in Sources */ = {isa = PBXBuildFile; fileRef = 5B582EE6245D5D9600C8B875 /* ViewController.swift */; };
		5B582EEA245D5D9600C8B875 /* Main.storyboard in Resources */ = {isa = PBXBuildFile; fileRef = 5B582EE8245D5D9600C8B875 /* Main.storyboard */; };
		5B582EEC245D5D9800C8B875 /* Assets.xcassets in Resources */ = {isa = PBXBuildFile; fileRef = 5B582EEB245D5D9800C8B875 /* Assets.xcassets */; };
		5B582EEF245D5D9800C8B875 /* LaunchScreen.storyboard in Resources */ = {isa = PBXBuildFile; fileRef = 5B582EED245D5D9800C8B875 /* LaunchScreen.storyboard */; };
		5B582EFA245D639200C8B875 /* LoginViewController.swift in Sources */ = {isa = PBXBuildFile; fileRef = 5B582EF9245D639200C8B875 /* LoginViewController.swift */; };
		5B582EFC245D63F300C8B875 /* UdacityClient.swift in Sources */ = {isa = PBXBuildFile; fileRef = 5B582EFB245D63F300C8B875 /* UdacityClient.swift */; };
		5B582EFE245D646B00C8B875 /* LoginRequest.swift in Sources */ = {isa = PBXBuildFile; fileRef = 5B582EFD245D646B00C8B875 /* LoginRequest.swift */; };
		5B582F02245D6D2D00C8B875 /* error-Response.swift in Sources */ = {isa = PBXBuildFile; fileRef = 5B582F01245D6D2D00C8B875 /* error-Response.swift */; };
		5B582F05245DC7F900C8B875 /* String+Extension.swift in Sources */ = {isa = PBXBuildFile; fileRef = 5B582F04245DC7F900C8B875 /* String+Extension.swift */; };
		5B582F07245DCAFD00C8B875 /* LoginResponse.swift in Sources */ = {isa = PBXBuildFile; fileRef = 5B582F06245DCAFD00C8B875 /* LoginResponse.swift */; };
		5B582F09245DCBCD00C8B875 /* Alerts.swift in Sources */ = {isa = PBXBuildFile; fileRef = 5B582F08245DCBCD00C8B875 /* Alerts.swift */; };
		5B582F0B245DD3D600C8B875 /* haptic+Feedback.swift in Sources */ = {isa = PBXBuildFile; fileRef = 5B582F0A245DD3D600C8B875 /* haptic+Feedback.swift */; };
		5B582F0D245DD95000C8B875 /* keyboard+Hide.swift in Sources */ = {isa = PBXBuildFile; fileRef = 5B582F0C245DD95000C8B875 /* keyboard+Hide.swift */; };
		5B582F0F245DDF5C00C8B875 /* MapViewController.swift in Sources */ = {isa = PBXBuildFile; fileRef = 5B582F0E245DDF5C00C8B875 /* MapViewController.swift */; };
		5B582F11245DDF6300C8B875 /* ListViewController.swift in Sources */ = {isa = PBXBuildFile; fileRef = 5B582F10245DDF6300C8B875 /* ListViewController.swift */; };
		5B5A79EE245E04C0003A99EA /* UserData.swift in Sources */ = {isa = PBXBuildFile; fileRef = 5B5A79ED245E04C0003A99EA /* UserData.swift */; };
		5B5A79F0245E0D22003A99EA /* StudentLocation.swift in Sources */ = {isa = PBXBuildFile; fileRef = 5B5A79EF245E0D22003A99EA /* StudentLocation.swift */; };
		5B5A79F2245E746C003A99EA /* StudentDataTableViewCell.swift in Sources */ = {isa = PBXBuildFile; fileRef = 5B5A79F1245E746C003A99EA /* StudentDataTableViewCell.swift */; };
		5B5A79F4245E77C2003A99EA /* StudentDataBase.swift in Sources */ = {isa = PBXBuildFile; fileRef = 5B5A79F3245E77C2003A99EA /* StudentDataBase.swift */; };
/* End PBXBuildFile section */

/* Begin PBXFileReference section */
		5B582EDF245D5D9600C8B875 /* On The Map.app */ = {isa = PBXFileReference; explicitFileType = wrapper.application; includeInIndex = 0; path = "On The Map.app"; sourceTree = BUILT_PRODUCTS_DIR; };
		5B582EE2245D5D9600C8B875 /* AppDelegate.swift */ = {isa = PBXFileReference; lastKnownFileType = sourcecode.swift; path = AppDelegate.swift; sourceTree = "<group>"; };
		5B582EE4245D5D9600C8B875 /* SceneDelegate.swift */ = {isa = PBXFileReference; lastKnownFileType = sourcecode.swift; path = SceneDelegate.swift; sourceTree = "<group>"; };
		5B582EE6245D5D9600C8B875 /* ViewController.swift */ = {isa = PBXFileReference; lastKnownFileType = sourcecode.swift; path = ViewController.swift; sourceTree = "<group>"; };
		5B582EE9245D5D9600C8B875 /* Base */ = {isa = PBXFileReference; lastKnownFileType = file.storyboard; name = Base; path = Base.lproj/Main.storyboard; sourceTree = "<group>"; };
		5B582EEB245D5D9800C8B875 /* Assets.xcassets */ = {isa = PBXFileReference; lastKnownFileType = folder.assetcatalog; path = Assets.xcassets; sourceTree = "<group>"; };
		5B582EEE245D5D9800C8B875 /* Base */ = {isa = PBXFileReference; lastKnownFileType = file.storyboard; name = Base; path = Base.lproj/LaunchScreen.storyboard; sourceTree = "<group>"; };
		5B582EF0245D5D9800C8B875 /* Info.plist */ = {isa = PBXFileReference; lastKnownFileType = text.plist.xml; path = Info.plist; sourceTree = "<group>"; };
		5B582EF9245D639200C8B875 /* LoginViewController.swift */ = {isa = PBXFileReference; lastKnownFileType = sourcecode.swift; path = LoginViewController.swift; sourceTree = "<group>"; };
		5B582EFB245D63F300C8B875 /* UdacityClient.swift */ = {isa = PBXFileReference; lastKnownFileType = sourcecode.swift; path = UdacityClient.swift; sourceTree = "<group>"; };
		5B582EFD245D646B00C8B875 /* LoginRequest.swift */ = {isa = PBXFileReference; lastKnownFileType = sourcecode.swift; path = LoginRequest.swift; sourceTree = "<group>"; };
		5B582F01245D6D2D00C8B875 /* error-Response.swift */ = {isa = PBXFileReference; lastKnownFileType = sourcecode.swift; path = "error-Response.swift"; sourceTree = "<group>"; };
		5B582F04245DC7F900C8B875 /* String+Extension.swift */ = {isa = PBXFileReference; lastKnownFileType = sourcecode.swift; path = "String+Extension.swift"; sourceTree = "<group>"; };
		5B582F06245DCAFD00C8B875 /* LoginResponse.swift */ = {isa = PBXFileReference; lastKnownFileType = sourcecode.swift; path = LoginResponse.swift; sourceTree = "<group>"; };
		5B582F08245DCBCD00C8B875 /* Alerts.swift */ = {isa = PBXFileReference; lastKnownFileType = sourcecode.swift; path = Alerts.swift; sourceTree = "<group>"; };
		5B582F0A245DD3D600C8B875 /* haptic+Feedback.swift */ = {isa = PBXFileReference; lastKnownFileType = sourcecode.swift; path = "haptic+Feedback.swift"; sourceTree = "<group>"; };
		5B582F0C245DD95000C8B875 /* keyboard+Hide.swift */ = {isa = PBXFileReference; lastKnownFileType = sourcecode.swift; path = "keyboard+Hide.swift"; sourceTree = "<group>"; };
		5B582F0E245DDF5C00C8B875 /* MapViewController.swift */ = {isa = PBXFileReference; lastKnownFileType = sourcecode.swift; path = MapViewController.swift; sourceTree = "<group>"; };
		5B582F10245DDF6300C8B875 /* ListViewController.swift */ = {isa = PBXFileReference; lastKnownFileType = sourcecode.swift; path = ListViewController.swift; sourceTree = "<group>"; };
		5B5A79ED245E04C0003A99EA /* UserData.swift */ = {isa = PBXFileReference; lastKnownFileType = sourcecode.swift; path = UserData.swift; sourceTree = "<group>"; };
		5B5A79EF245E0D22003A99EA /* StudentLocation.swift */ = {isa = PBXFileReference; lastKnownFileType = sourcecode.swift; path = StudentLocation.swift; sourceTree = "<group>"; };
		5B5A79F1245E746C003A99EA /* StudentDataTableViewCell.swift */ = {isa = PBXFileReference; lastKnownFileType = sourcecode.swift; path = StudentDataTableViewCell.swift; sourceTree = "<group>"; };
		5B5A79F3245E77C2003A99EA /* StudentDataBase.swift */ = {isa = PBXFileReference; lastKnownFileType = sourcecode.swift; path = StudentDataBase.swift; sourceTree = "<group>"; };
/* End PBXFileReference section */

/* Begin PBXFrameworksBuildPhase section */
		5B582EDC245D5D9600C8B875 /* Frameworks */ = {
			isa = PBXFrameworksBuildPhase;
			buildActionMask = 2147483647;
			files = (
			);
			runOnlyForDeploymentPostprocessing = 0;
		};
/* End PBXFrameworksBuildPhase section */

/* Begin PBXGroup section */
		5B582ED6245D5D9600C8B875 = {
			isa = PBXGroup;
			children = (
				5B582EE1245D5D9600C8B875 /* On The Map */,
				5B582EE0245D5D9600C8B875 /* Products */,
			);
			sourceTree = "<group>";
		};
		5B582EE0245D5D9600C8B875 /* Products */ = {
			isa = PBXGroup;
			children = (
				5B582EDF245D5D9600C8B875 /* On The Map.app */,
			);
			name = Products;
			sourceTree = "<group>";
		};
		5B582EE1245D5D9600C8B875 /* On The Map */ = {
			isa = PBXGroup;
			children = (
				5B582F03245DC7E100C8B875 /* Utilities */,
				5B582EF6245D636000C8B875 /* Model */,
				5B582EF7245D636700C8B875 /* View */,
				5B582EF8245D636B00C8B875 /* Controller */,
				5B582EE2245D5D9600C8B875 /* AppDelegate.swift */,
				5B582EE4245D5D9600C8B875 /* SceneDelegate.swift */,
				5B582EE6245D5D9600C8B875 /* ViewController.swift */,
				5B582EE8245D5D9600C8B875 /* Main.storyboard */,
				5B582EEB245D5D9800C8B875 /* Assets.xcassets */,
				5B582EED245D5D9800C8B875 /* LaunchScreen.storyboard */,
				5B582EF0245D5D9800C8B875 /* Info.plist */,
			);
			path = "On The Map";
			sourceTree = "<group>";
		};
		5B582EF6245D636000C8B875 /* Model */ = {
			isa = PBXGroup;
			children = (
				5B582F00245D6D0300C8B875 /* Response */,
				5B582EFB245D63F300C8B875 /* UdacityClient.swift */,
				5B582EFF245D646F00C8B875 /* Requests */,
				5B5A79F3245E77C2003A99EA /* StudentDataBase.swift */,
			);
			path = Model;
			sourceTree = "<group>";
		};
		5B582EF7245D636700C8B875 /* View */ = {
			isa = PBXGroup;
			children = (
				5B5A79F1245E746C003A99EA /* StudentDataTableViewCell.swift */,
			);
			path = View;
			sourceTree = "<group>";
		};
		5B582EF8245D636B00C8B875 /* Controller */ = {
			isa = PBXGroup;
			children = (
				5B582EF9245D639200C8B875 /* LoginViewController.swift */,
				5B582F0E245DDF5C00C8B875 /* MapViewController.swift */,
				5B582F10245DDF6300C8B875 /* ListViewController.swift */,
			);
			path = Controller;
			sourceTree = "<group>";
		};
		5B582EFF245D646F00C8B875 /* Requests */ = {
			isa = PBXGroup;
			children = (
				5B582EFD245D646B00C8B875 /* LoginRequest.swift */,
			);
			path = Requests;
			sourceTree = "<group>";
		};
		5B582F00245D6D0300C8B875 /* Response */ = {
			isa = PBXGroup;
			children = (
				5B582F01245D6D2D00C8B875 /* error-Response.swift */,
				5B582F06245DCAFD00C8B875 /* LoginResponse.swift */,
				5B5A79ED245E04C0003A99EA /* UserData.swift */,
				5B5A79EF245E0D22003A99EA /* StudentLocation.swift */,
			);
			path = Response;
			sourceTree = "<group>";
		};
		5B582F03245DC7E100C8B875 /* Utilities */ = {
			isa = PBXGroup;
			children = (
				5B582F04245DC7F900C8B875 /* String+Extension.swift */,
				5B582F08245DCBCD00C8B875 /* Alerts.swift */,
				5B582F0A245DD3D600C8B875 /* haptic+Feedback.swift */,
				5B582F0C245DD95000C8B875 /* keyboard+Hide.swift */,
			);
			path = Utilities;
			sourceTree = "<group>";
		};
/* End PBXGroup section */

/* Begin PBXNativeTarget section */
		5B582EDE245D5D9600C8B875 /* On The Map */ = {
			isa = PBXNativeTarget;
			buildConfigurationList = 5B582EF3245D5D9800C8B875 /* Build configuration list for PBXNativeTarget "On The Map" */;
			buildPhases = (
				5B582EDB245D5D9600C8B875 /* Sources */,
				5B582EDC245D5D9600C8B875 /* Frameworks */,
				5B582EDD245D5D9600C8B875 /* Resources */,
			);
			buildRules = (
			);
			dependencies = (
			);
			name = "On The Map";
			productName = "On The Map";
			productReference = 5B582EDF245D5D9600C8B875 /* On The Map.app */;
			productType = "com.apple.product-type.application";
		};
/* End PBXNativeTarget section */

/* Begin PBXProject section */
		5B582ED7245D5D9600C8B875 /* Project object */ = {
			isa = PBXProject;
			attributes = {
				LastSwiftUpdateCheck = 1140;
				LastUpgradeCheck = 1140;
				ORGANIZATIONNAME = "Aaryan Kothari";
				TargetAttributes = {
					5B582EDE245D5D9600C8B875 = {
						CreatedOnToolsVersion = 11.4;
					};
				};
			};
			buildConfigurationList = 5B582EDA245D5D9600C8B875 /* Build configuration list for PBXProject "On The Map" */;
			compatibilityVersion = "Xcode 9.3";
			developmentRegion = en;
			hasScannedForEncodings = 0;
			knownRegions = (
				en,
				Base,
			);
			mainGroup = 5B582ED6245D5D9600C8B875;
			productRefGroup = 5B582EE0245D5D9600C8B875 /* Products */;
			projectDirPath = "";
			projectRoot = "";
			targets = (
				5B582EDE245D5D9600C8B875 /* On The Map */,
			);
		};
/* End PBXProject section */

/* Begin PBXResourcesBuildPhase section */
		5B582EDD245D5D9600C8B875 /* Resources */ = {
			isa = PBXResourcesBuildPhase;
			buildActionMask = 2147483647;
			files = (
				5B582EEF245D5D9800C8B875 /* LaunchScreen.storyboard in Resources */,
				5B582EEC245D5D9800C8B875 /* Assets.xcassets in Resources */,
				5B582EEA245D5D9600C8B875 /* Main.storyboard in Resources */,
			);
			runOnlyForDeploymentPostprocessing = 0;
		};
/* End PBXResourcesBuildPhase section */

/* Begin PBXSourcesBuildPhase section */
		5B582EDB245D5D9600C8B875 /* Sources */ = {
			isa = PBXSourcesBuildPhase;
			buildActionMask = 2147483647;
			files = (
				5B5A79F0245E0D22003A99EA /* StudentLocation.swift in Sources */,
				5B582F0D245DD95000C8B875 /* keyboard+Hide.swift in Sources */,
				5B582F05245DC7F900C8B875 /* String+Extension.swift in Sources */,
				5B582F02245D6D2D00C8B875 /* error-Response.swift in Sources */,
				5B5A79EE245E04C0003A99EA /* UserData.swift in Sources */,
				5B582F07245DCAFD00C8B875 /* LoginResponse.swift in Sources */,
				5B582EFC245D63F300C8B875 /* UdacityClient.swift in Sources */,
				5B582F0B245DD3D600C8B875 /* haptic+Feedback.swift in Sources */,
				5B582F11245DDF6300C8B875 /* ListViewController.swift in Sources */,
				5B582F0F245DDF5C00C8B875 /* MapViewController.swift in Sources */,
				5B582EFA245D639200C8B875 /* LoginViewController.swift in Sources */,
				5B582EE7245D5D9600C8B875 /* ViewController.swift in Sources */,
				5B5A79F2245E746C003A99EA /* StudentDataTableViewCell.swift in Sources */,
				5B582F09245DCBCD00C8B875 /* Alerts.swift in Sources */,
				5B582EFE245D646B00C8B875 /* LoginRequest.swift in Sources */,
				5B582EE3245D5D9600C8B875 /* AppDelegate.swift in Sources */,
				5B5A79F4245E77C2003A99EA /* StudentDataBase.swift in Sources */,
				5B582EE5245D5D9600C8B875 /* SceneDelegate.swift in Sources */,
			);
			runOnlyForDeploymentPostprocessing = 0;
		};
/* End PBXSourcesBuildPhase section */

/* Begin PBXVariantGroup section */
		5B582EE8245D5D9600C8B875 /* Main.storyboard */ = {
			isa = PBXVariantGroup;
			children = (
				5B582EE9245D5D9600C8B875 /* Base */,
			);
			name = Main.storyboard;
			sourceTree = "<group>";
		};
		5B582EED245D5D9800C8B875 /* LaunchScreen.storyboard */ = {
			isa = PBXVariantGroup;
			children = (
				5B582EEE245D5D9800C8B875 /* Base */,
			);
			name = LaunchScreen.storyboard;
			sourceTree = "<group>";
		};
/* End PBXVariantGroup section */

/* Begin XCBuildConfiguration section */
		5B582EF1245D5D9800C8B875 /* Debug */ = {
			isa = XCBuildConfiguration;
			buildSettings = {
				ALWAYS_SEARCH_USER_PATHS = NO;
				CLANG_ANALYZER_NONNULL = YES;
				CLANG_ANALYZER_NUMBER_OBJECT_CONVERSION = YES_AGGRESSIVE;
				CLANG_CXX_LANGUAGE_STANDARD = "gnu++14";
				CLANG_CXX_LIBRARY = "libc++";
				CLANG_ENABLE_MODULES = YES;
				CLANG_ENABLE_OBJC_ARC = YES;
				CLANG_ENABLE_OBJC_WEAK = YES;
				CLANG_WARN_BLOCK_CAPTURE_AUTORELEASING = YES;
				CLANG_WARN_BOOL_CONVERSION = YES;
				CLANG_WARN_COMMA = YES;
				CLANG_WARN_CONSTANT_CONVERSION = YES;
				CLANG_WARN_DEPRECATED_OBJC_IMPLEMENTATIONS = YES;
				CLANG_WARN_DIRECT_OBJC_ISA_USAGE = YES_ERROR;
				CLANG_WARN_DOCUMENTATION_COMMENTS = YES;
				CLANG_WARN_EMPTY_BODY = YES;
				CLANG_WARN_ENUM_CONVERSION = YES;
				CLANG_WARN_INFINITE_RECURSION = YES;
				CLANG_WARN_INT_CONVERSION = YES;
				CLANG_WARN_NON_LITERAL_NULL_CONVERSION = YES;
				CLANG_WARN_OBJC_IMPLICIT_RETAIN_SELF = YES;
				CLANG_WARN_OBJC_LITERAL_CONVERSION = YES;
				CLANG_WARN_OBJC_ROOT_CLASS = YES_ERROR;
				CLANG_WARN_RANGE_LOOP_ANALYSIS = YES;
				CLANG_WARN_STRICT_PROTOTYPES = YES;
				CLANG_WARN_SUSPICIOUS_MOVE = YES;
				CLANG_WARN_UNGUARDED_AVAILABILITY = YES_AGGRESSIVE;
				CLANG_WARN_UNREACHABLE_CODE = YES;
				CLANG_WARN__DUPLICATE_METHOD_MATCH = YES;
				COPY_PHASE_STRIP = NO;
				DEBUG_INFORMATION_FORMAT = dwarf;
				ENABLE_STRICT_OBJC_MSGSEND = YES;
				ENABLE_TESTABILITY = YES;
				GCC_C_LANGUAGE_STANDARD = gnu11;
				GCC_DYNAMIC_NO_PIC = NO;
				GCC_NO_COMMON_BLOCKS = YES;
				GCC_OPTIMIZATION_LEVEL = 0;
				GCC_PREPROCESSOR_DEFINITIONS = (
					"DEBUG=1",
					"$(inherited)",
				);
				GCC_WARN_64_TO_32_BIT_CONVERSION = YES;
				GCC_WARN_ABOUT_RETURN_TYPE = YES_ERROR;
				GCC_WARN_UNDECLARED_SELECTOR = YES;
				GCC_WARN_UNINITIALIZED_AUTOS = YES_AGGRESSIVE;
				GCC_WARN_UNUSED_FUNCTION = YES;
				GCC_WARN_UNUSED_VARIABLE = YES;
				IPHONEOS_DEPLOYMENT_TARGET = 13.4;
				MTL_ENABLE_DEBUG_INFO = INCLUDE_SOURCE;
				MTL_FAST_MATH = YES;
				ONLY_ACTIVE_ARCH = YES;
				SDKROOT = iphoneos;
				SWIFT_ACTIVE_COMPILATION_CONDITIONS = DEBUG;
				SWIFT_OPTIMIZATION_LEVEL = "-Onone";
			};
			name = Debug;
		};
		5B582EF2245D5D9800C8B875 /* Release */ = {
			isa = XCBuildConfiguration;
			buildSettings = {
				ALWAYS_SEARCH_USER_PATHS = NO;
				CLANG_ANALYZER_NONNULL = YES;
				CLANG_ANALYZER_NUMBER_OBJECT_CONVERSION = YES_AGGRESSIVE;
				CLANG_CXX_LANGUAGE_STANDARD = "gnu++14";
				CLANG_CXX_LIBRARY = "libc++";
				CLANG_ENABLE_MODULES = YES;
				CLANG_ENABLE_OBJC_ARC = YES;
				CLANG_ENABLE_OBJC_WEAK = YES;
				CLANG_WARN_BLOCK_CAPTURE_AUTORELEASING = YES;
				CLANG_WARN_BOOL_CONVERSION = YES;
				CLANG_WARN_COMMA = YES;
				CLANG_WARN_CONSTANT_CONVERSION = YES;
				CLANG_WARN_DEPRECATED_OBJC_IMPLEMENTATIONS = YES;
				CLANG_WARN_DIRECT_OBJC_ISA_USAGE = YES_ERROR;
				CLANG_WARN_DOCUMENTATION_COMMENTS = YES;
				CLANG_WARN_EMPTY_BODY = YES;
				CLANG_WARN_ENUM_CONVERSION = YES;
				CLANG_WARN_INFINITE_RECURSION = YES;
				CLANG_WARN_INT_CONVERSION = YES;
				CLANG_WARN_NON_LITERAL_NULL_CONVERSION = YES;
				CLANG_WARN_OBJC_IMPLICIT_RETAIN_SELF = YES;
				CLANG_WARN_OBJC_LITERAL_CONVERSION = YES;
				CLANG_WARN_OBJC_ROOT_CLASS = YES_ERROR;
				CLANG_WARN_RANGE_LOOP_ANALYSIS = YES;
				CLANG_WARN_STRICT_PROTOTYPES = YES;
				CLANG_WARN_SUSPICIOUS_MOVE = YES;
				CLANG_WARN_UNGUARDED_AVAILABILITY = YES_AGGRESSIVE;
				CLANG_WARN_UNREACHABLE_CODE = YES;
				CLANG_WARN__DUPLICATE_METHOD_MATCH = YES;
				COPY_PHASE_STRIP = NO;
				DEBUG_INFORMATION_FORMAT = "dwarf-with-dsym";
				ENABLE_NS_ASSERTIONS = NO;
				ENABLE_STRICT_OBJC_MSGSEND = YES;
				GCC_C_LANGUAGE_STANDARD = gnu11;
				GCC_NO_COMMON_BLOCKS = YES;
				GCC_WARN_64_TO_32_BIT_CONVERSION = YES;
				GCC_WARN_ABOUT_RETURN_TYPE = YES_ERROR;
				GCC_WARN_UNDECLARED_SELECTOR = YES;
				GCC_WARN_UNINITIALIZED_AUTOS = YES_AGGRESSIVE;
				GCC_WARN_UNUSED_FUNCTION = YES;
				GCC_WARN_UNUSED_VARIABLE = YES;
				IPHONEOS_DEPLOYMENT_TARGET = 13.4;
				MTL_ENABLE_DEBUG_INFO = NO;
				MTL_FAST_MATH = YES;
				SDKROOT = iphoneos;
				SWIFT_COMPILATION_MODE = wholemodule;
				SWIFT_OPTIMIZATION_LEVEL = "-O";
				VALIDATE_PRODUCT = YES;
			};
			name = Release;
		};
		5B582EF4245D5D9800C8B875 /* Debug */ = {
			isa = XCBuildConfiguration;
			buildSettings = {
				ASSETCATALOG_COMPILER_APPICON_NAME = AppIcon;
				CODE_SIGN_STYLE = Automatic;
				DEVELOPMENT_TEAM = F8CHS6PHQS;
				INFOPLIST_FILE = "On The Map/Info.plist";
				LD_RUNPATH_SEARCH_PATHS = (
					"$(inherited)",
					"@executable_path/Frameworks",
				);
				PRODUCT_BUNDLE_IDENTIFIER = "ak.On-The-Map";
				PRODUCT_NAME = "$(TARGET_NAME)";
				SWIFT_VERSION = 5.0;
				TARGETED_DEVICE_FAMILY = "1,2";
			};
			name = Debug;
		};
		5B582EF5245D5D9800C8B875 /* Release */ = {
			isa = XCBuildConfiguration;
			buildSettings = {
				ASSETCATALOG_COMPILER_APPICON_NAME = AppIcon;
				CODE_SIGN_STYLE = Automatic;
				DEVELOPMENT_TEAM = F8CHS6PHQS;
				INFOPLIST_FILE = "On The Map/Info.plist";
				LD_RUNPATH_SEARCH_PATHS = (
					"$(inherited)",
					"@executable_path/Frameworks",
				);
				PRODUCT_BUNDLE_IDENTIFIER = "ak.On-The-Map";
				PRODUCT_NAME = "$(TARGET_NAME)";
				SWIFT_VERSION = 5.0;
				TARGETED_DEVICE_FAMILY = "1,2";
			};
			name = Release;
		};
/* End XCBuildConfiguration section */

/* Begin XCConfigurationList section */
		5B582EDA245D5D9600C8B875 /* Build configuration list for PBXProject "On The Map" */ = {
			isa = XCConfigurationList;
			buildConfigurations = (
				5B582EF1245D5D9800C8B875 /* Debug */,
				5B582EF2245D5D9800C8B875 /* Release */,
			);
			defaultConfigurationIsVisible = 0;
			defaultConfigurationName = Release;
		};
		5B582EF3245D5D9800C8B875 /* Build configuration list for PBXNativeTarget "On The Map" */ = {
			isa = XCConfigurationList;
			buildConfigurations = (
				5B582EF4245D5D9800C8B875 /* Debug */,
				5B582EF5245D5D9800C8B875 /* Release */,
			);
			defaultConfigurationIsVisible = 0;
			defaultConfigurationName = Release;
		};
/* End XCConfigurationList section */
	};
	rootObject = 5B582ED7245D5D9600C8B875 /* Project object */;
}
